
Microsoft Visual Studio Solution File, Format Version 12.00
# Visual Studio Version 17
VisualStudioVersion = 17.1.32228.430
MinimumVisualStudioVersion = 10.0.40219.1
Project("{9A19103F-16F7-4668-BE54-9A1E7A4F7556}") = "Inventarios.COMMON", "Inventarios.COMMON\Inventarios.COMMON.csproj", "{871A5AD6-FF01-43CC-A760-19505FC66CEF}"
EndProject
Project("{FAE04EC0-301F-11D3-BF4B-00C04F79EFBC}") = "Iventario.DAL", "Iventario.DAL\Iventario.DAL.csproj", "{15EDA4F2-DAB9-4A56-8CCB-2ED0C73EE8D5}"
EndProject
Global
	GlobalSection(SolutionConfigurationPlatforms) = preSolution
		Debug|Any CPU = Debug|Any CPU
		Release|Any CPU = Release|Any CPU
	EndGlobalSection
	GlobalSection(ProjectConfigurationPlatforms) = postSolution
		{871A5AD6-FF01-43CC-A760-19505FC66CEF}.Debug|Any CPU.ActiveCfg = Debug|Any CPU
		{871A5AD6-FF01-43CC-A760-19505FC66CEF}.Debug|Any CPU.Build.0 = Debug|Any CPU
		{871A5AD6-FF01-43CC-A760-19505FC66CEF}.Release|Any CPU.ActiveCfg = Release|Any CPU
		{871A5AD6-FF01-43CC-A760-19505FC66CEF}.Release|Any CPU.Build.0 = Release|Any CPU
		{15EDA4F2-DAB9-4A56-8CCB-2ED0C73EE8D5}.Debug|Any CPU.ActiveCfg = Debug|Any CPU
		{15EDA4F2-DAB9-4A56-8CCB-2ED0C73EE8D5}.Debug|Any CPU.Build.0 = Debug|Any CPU
		{15EDA4F2-DAB9-4A56-8CCB-2ED0C73EE8D5}.Release|Any CPU.ActiveCfg = Release|Any CPU
		{15EDA4F2-DAB9-4A56-8CCB-2ED0C73EE8D5}.Release|Any CPU.Build.0 = Release|Any CPU
	EndGlobalSection
	GlobalSection(SolutionProperties) = preSolution
		HideSolutionNode = FALSE
	EndGlobalSection
	GlobalSection(ExtensibilityGlobals) = postSolution
		SolutionGuid = {371D61FC-D825-4435-A8DE-6E8492E345AA}
	EndGlobalSection
EndGlobal
